
Microsoft Visual Studio Solution File, Format Version 12.00
# Visual Studio Version 17
VisualStudioVersion = 17.8.34601.278
MinimumVisualStudioVersion = 10.0.40219.1
Project("{FAE04EC0-301F-11D3-BF4B-00C04F79EFBC}") = "SanalDatabese", "SanalDatabese\SanalDatabese.csproj", "{37473FF6-84E7-4F07-AEDE-961677DDB2F1}"
EndProject
Project("{FAE04EC0-301F-11D3-BF4B-00C04F79EFBC}") = "MpDal", "MpDal\MpDal.csproj", "{A55B4504-2CCE-4F35-835D-3DFEB2031E0A}"
EndProject
Project("{FAE04EC0-301F-11D3-BF4B-00C04F79EFBC}") = "MpBll", "MpBll\MpBll.csproj", "{EC6D5050-BB11-4304-95EE-F312886F23A0}"
EndProject
Project("{FAE04EC0-301F-11D3-BF4B-00C04F79EFBC}") = "MpEntities", "MpEntities\MpEntities.csproj", "{C663F398-36AC-4479-A970-786A207E7A89}"
EndProject
Project("{FAE04EC0-301F-11D3-BF4B-00C04F79EFBC}") = "MpUI", "MpUI\MpUI.csproj", "{7B037AA9-D457-4370-B555-16CDDC4FCE79}"
EndProject
Project("{FAE04EC0-301F-11D3-BF4B-00C04F79EFBC}") = "TestUI", "TestUI\TestUI.csproj", "{A7DDFEA0-8B4C-4A72-8031-CD33E2DFE1C3}"
EndProject
Global
	GlobalSection(SolutionConfigurationPlatforms) = preSolution
		Debug|Any CPU = Debug|Any CPU
		Release|Any CPU = Release|Any CPU
	EndGlobalSection
	GlobalSection(ProjectConfigurationPlatforms) = postSolution
		{37473FF6-84E7-4F07-AEDE-961677DDB2F1}.Debug|Any CPU.ActiveCfg = Debug|Any CPU
		{37473FF6-84E7-4F07-AEDE-961677DDB2F1}.Debug|Any CPU.Build.0 = Debug|Any CPU
		{37473FF6-84E7-4F07-AEDE-961677DDB2F1}.Release|Any CPU.ActiveCfg = Release|Any CPU
		{37473FF6-84E7-4F07-AEDE-961677DDB2F1}.Release|Any CPU.Build.0 = Release|Any CPU
		{A55B4504-2CCE-4F35-835D-3DFEB2031E0A}.Debug|Any CPU.ActiveCfg = Debug|Any CPU
		{A55B4504-2CCE-4F35-835D-3DFEB2031E0A}.Debug|Any CPU.Build.0 = Debug|Any CPU
		{A55B4504-2CCE-4F35-835D-3DFEB2031E0A}.Release|Any CPU.ActiveCfg = Release|Any CPU
		{A55B4504-2CCE-4F35-835D-3DFEB2031E0A}.Release|Any CPU.Build.0 = Release|Any CPU
		{EC6D5050-BB11-4304-95EE-F312886F23A0}.Debug|Any CPU.ActiveCfg = Debug|Any CPU
		{EC6D5050-BB11-4304-95EE-F312886F23A0}.Debug|Any CPU.Build.0 = Debug|Any CPU
		{EC6D5050-BB11-4304-95EE-F312886F23A0}.Release|Any CPU.ActiveCfg = Release|Any CPU
		{EC6D5050-BB11-4304-95EE-F312886F23A0}.Release|Any CPU.Build.0 = Release|Any CPU
		{C663F398-36AC-4479-A970-786A207E7A89}.Debug|Any CPU.ActiveCfg = Debug|Any CPU
		{C663F398-36AC-4479-A970-786A207E7A89}.Debug|Any CPU.Build.0 = Debug|Any CPU
		{C663F398-36AC-4479-A970-786A207E7A89}.Release|Any CPU.ActiveCfg = Release|Any CPU
		{C663F398-36AC-4479-A970-786A207E7A89}.Release|Any CPU.Build.0 = Release|Any CPU
		{7B037AA9-D457-4370-B555-16CDDC4FCE79}.Debug|Any CPU.ActiveCfg = Debug|Any CPU
		{7B037AA9-D457-4370-B555-16CDDC4FCE79}.Debug|Any CPU.Build.0 = Debug|Any CPU
		{7B037AA9-D457-4370-B555-16CDDC4FCE79}.Release|Any CPU.ActiveCfg = Release|Any CPU
		{7B037AA9-D457-4370-B555-16CDDC4FCE79}.Release|Any CPU.Build.0 = Release|Any CPU
		{A7DDFEA0-8B4C-4A72-8031-CD33E2DFE1C3}.Debug|Any CPU.ActiveCfg = Debug|Any CPU
		{A7DDFEA0-8B4C-4A72-8031-CD33E2DFE1C3}.Debug|Any CPU.Build.0 = Debug|Any CPU
		{A7DDFEA0-8B4C-4A72-8031-CD33E2DFE1C3}.Release|Any CPU.ActiveCfg = Release|Any CPU
		{A7DDFEA0-8B4C-4A72-8031-CD33E2DFE1C3}.Release|Any CPU.Build.0 = Release|Any CPU
	EndGlobalSection
	GlobalSection(SolutionProperties) = preSolution
		HideSolutionNode = FALSE
	EndGlobalSection
	GlobalSection(ExtensibilityGlobals) = postSolution
		SolutionGuid = {00675AF4-71A1-4F66-A372-2E686414FAC8}
	EndGlobalSection
EndGlobal
